// !$*UTF8*$!
{
	archiveVersion = 1;
	classes = {
	};
	objectVersion = 48;
	objects = {

/* Begin PBXBuildFile section */
		77D7AA1F205F9EDB006F78C3 /* AppDelegate.m in Sources */ = {isa = PBXBuildFile; fileRef = 77D7AA1E205F9EDB006F78C3 /* AppDelegate.m */; };
		77D7AA22205F9EDB006F78C3 /* ViewController.m in Sources */ = {isa = PBXBuildFile; fileRef = 77D7AA21205F9EDB006F78C3 /* ViewController.m */; };
		77D7AA25205F9EDB006F78C3 /* Main.storyboard in Resources */ = {isa = PBXBuildFile; fileRef = 77D7AA23205F9EDB006F78C3 /* Main.storyboard */; };
		77D7AA28205F9EDB006F78C3 /* CountdownButton.xcdatamodeld in Sources */ = {isa = PBXBuildFile; fileRef = 77D7AA26205F9EDB006F78C3 /* CountdownButton.xcdatamodeld */; };
		77D7AA2A205F9EDB006F78C3 /* Assets.xcassets in Resources */ = {isa = PBXBuildFile; fileRef = 77D7AA29205F9EDB006F78C3 /* Assets.xcassets */; };
		77D7AA2D205F9EDB006F78C3 /* LaunchScreen.storyboard in Resources */ = {isa = PBXBuildFile; fileRef = 77D7AA2B205F9EDB006F78C3 /* LaunchScreen.storyboard */; };
		77D7AA30205F9EDB006F78C3 /* main.m in Sources */ = {isa = PBXBuildFile; fileRef = 77D7AA2F205F9EDB006F78C3 /* main.m */; };
		77D7AA3A205F9EDB006F78C3 /* CountdownButtonTests.m in Sources */ = {isa = PBXBuildFile; fileRef = 77D7AA39205F9EDB006F78C3 /* CountdownButtonTests.m */; };
		77D7AA45205F9EDB006F78C3 /* CountdownButtonUITests.m in Sources */ = {isa = PBXBuildFile; fileRef = 77D7AA44205F9EDB006F78C3 /* CountdownButtonUITests.m */; };
/* End PBXBuildFile section */

/* Begin PBXContainerItemProxy section */
		77D7AA36205F9EDB006F78C3 /* PBXContainerItemProxy */ = {
			isa = PBXContainerItemProxy;
			containerPortal = 77D7AA12205F9EDB006F78C3 /* Project object */;
			proxyType = 1;
			remoteGlobalIDString = 77D7AA19205F9EDB006F78C3;
			remoteInfo = CountdownButton;
		};
		77D7AA41205F9EDB006F78C3 /* PBXContainerItemProxy */ = {
			isa = PBXContainerItemProxy;
			containerPortal = 77D7AA12205F9EDB006F78C3 /* Project object */;
			proxyType = 1;
			remoteGlobalIDString = 77D7AA19205F9EDB006F78C3;
			remoteInfo = CountdownButton;
		};
/* End PBXContainerItemProxy section */

/* Begin PBXFileReference section */
		77D7AA1A205F9EDB006F78C3 /* CountdownButton.app */ = {isa = PBXFileReference; explicitFileType = wrapper.application; includeInIndex = 0; path = CountdownButton.app; sourceTree = BUILT_PRODUCTS_DIR; };
		77D7AA1D205F9EDB006F78C3 /* AppDelegate.h */ = {isa = PBXFileReference; lastKnownFileType = sourcecode.c.h; path = AppDelegate.h; sourceTree = "<group>"; };
		77D7AA1E205F9EDB006F78C3 /* AppDelegate.m */ = {isa = PBXFileReference; lastKnownFileType = sourcecode.c.objc; path = AppDelegate.m; sourceTree = "<group>"; };
		77D7AA20205F9EDB006F78C3 /* ViewController.h */ = {isa = PBXFileReference; lastKnownFileType = sourcecode.c.h; path = ViewController.h; sourceTree = "<group>"; };
		77D7AA21205F9EDB006F78C3 /* ViewController.m */ = {isa = PBXFileReference; lastKnownFileType = sourcecode.c.objc; path = ViewController.m; sourceTree = "<group>"; };
		77D7AA24205F9EDB006F78C3 /* Base */ = {isa = PBXFileReference; lastKnownFileType = file.storyboard; name = Base; path = Base.lproj/Main.storyboard; sourceTree = "<group>"; };
		77D7AA27205F9EDB006F78C3 /* CountdownButton.xcdatamodel */ = {isa = PBXFileReference; lastKnownFileType = wrapper.xcdatamodel; path = CountdownButton.xcdatamodel; sourceTree = "<group>"; };
		77D7AA29205F9EDB006F78C3 /* Assets.xcassets */ = {isa = PBXFileReference; lastKnownFileType = folder.assetcatalog; path = Assets.xcassets; sourceTree = "<group>"; };
		77D7AA2C205F9EDB006F78C3 /* Base */ = {isa = PBXFileReference; lastKnownFileType = file.storyboard; name = Base; path = Base.lproj/LaunchScreen.storyboard; sourceTree = "<group>"; };
		77D7AA2E205F9EDB006F78C3 /* Info.plist */ = {isa = PBXFileReference; lastKnownFileType = text.plist.xml; path = Info.plist; sourceTree = "<group>"; };
		77D7AA2F205F9EDB006F78C3 /* main.m */ = {isa = PBXFileReference; lastKnownFileType = sourcecode.c.objc; path = main.m; sourceTree = "<group>"; };
		77D7AA35205F9EDB006F78C3 /* CountdownButtonTests.xctest */ = {isa = PBXFileReference; explicitFileType = wrapper.cfbundle; includeInIndex = 0; path = CountdownButtonTests.xctest; sourceTree = BUILT_PRODUCTS_DIR; };
		77D7AA39205F9EDB006F78C3 /* CountdownButtonTests.m */ = {isa = PBXFileReference; lastKnownFileType = sourcecode.c.objc; path = CountdownButtonTests.m; sourceTree = "<group>"; };
		77D7AA3B205F9EDB006F78C3 /* Info.plist */ = {isa = PBXFileReference; lastKnownFileType = text.plist.xml; path = Info.plist; sourceTree = "<group>"; };
		77D7AA40205F9EDB006F78C3 /* CountdownButtonUITests.xctest */ = {isa = PBXFileReference; explicitFileType = wrapper.cfbundle; includeInIndex = 0; path = CountdownButtonUITests.xctest; sourceTree = BUILT_PRODUCTS_DIR; };
		77D7AA44205F9EDB006F78C3 /* CountdownButtonUITests.m */ = {isa = PBXFileReference; lastKnownFileType = sourcecode.c.objc; path = CountdownButtonUITests.m; sourceTree = "<group>"; };
		77D7AA46205F9EDB006F78C3 /* Info.plist */ = {isa = PBXFileReference; lastKnownFileType = text.plist.xml; path = Info.plist; sourceTree = "<group>"; };
/* End PBXFileReference section */

/* Begin PBXFrameworksBuildPhase section */
		77D7AA17205F9EDB006F78C3 /* Frameworks */ = {
			isa = PBXFrameworksBuildPhase;
			buildActionMask = 2147483647;
			files = (
			);
			runOnlyForDeploymentPostprocessing = 0;
		};
		77D7AA32205F9EDB006F78C3 /* Frameworks */ = {
			isa = PBXFrameworksBuildPhase;
			buildActionMask = 2147483647;
			files = (
			);
			runOnlyForDeploymentPostprocessing = 0;
		};
		77D7AA3D205F9EDB006F78C3 /* Frameworks */ = {
			isa = PBXFrameworksBuildPhase;
			buildActionMask = 2147483647;
			files = (
			);
			runOnlyForDeploymentPostprocessing = 0;
		};
/* End PBXFrameworksBuildPhase section */

/* Begin PBXGroup section */
		77D7AA11205F9EDB006F78C3 = {
			isa = PBXGroup;
			children = (
				77D7AA1C205F9EDB006F78C3 /* CountdownButton */,
				77D7AA38205F9EDB006F78C3 /* CountdownButtonTests */,
				77D7AA43205F9EDB006F78C3 /* CountdownButtonUITests */,
				77D7AA1B205F9EDB006F78C3 /* Products */,
			);
			sourceTree = "<group>";
		};
		77D7AA1B205F9EDB006F78C3 /* Products */ = {
			isa = PBXGroup;
			children = (
				77D7AA1A205F9EDB006F78C3 /* CountdownButton.app */,
				77D7AA35205F9EDB006F78C3 /* CountdownButtonTests.xctest */,
				77D7AA40205F9EDB006F78C3 /* CountdownButtonUITests.xctest */,
			);
			name = Products;
			sourceTree = "<group>";
		};
		77D7AA1C205F9EDB006F78C3 /* CountdownButton */ = {
			isa = PBXGroup;
			children = (
				77D7AA1D205F9EDB006F78C3 /* AppDelegate.h */,
				77D7AA1E205F9EDB006F78C3 /* AppDelegate.m */,
				77D7AA20205F9EDB006F78C3 /* ViewController.h */,
				77D7AA21205F9EDB006F78C3 /* ViewController.m */,
				77D7AA23205F9EDB006F78C3 /* Main.storyboard */,
				77D7AA29205F9EDB006F78C3 /* Assets.xcassets */,
				77D7AA2B205F9EDB006F78C3 /* LaunchScreen.storyboard */,
				77D7AA2E205F9EDB006F78C3 /* Info.plist */,
				77D7AA2F205F9EDB006F78C3 /* main.m */,
				77D7AA26205F9EDB006F78C3 /* CountdownButton.xcdatamodeld */,
			);
			path = CountdownButton;
			sourceTree = "<group>";
		};
		77D7AA38205F9EDB006F78C3 /* CountdownButtonTests */ = {
			isa = PBXGroup;
			children = (
				77D7AA39205F9EDB006F78C3 /* CountdownButtonTests.m */,
				77D7AA3B205F9EDB006F78C3 /* Info.plist */,
			);
			path = CountdownButtonTests;
			sourceTree = "<group>";
		};
		77D7AA43205F9EDB006F78C3 /* CountdownButtonUITests */ = {
			isa = PBXGroup;
			children = (
				77D7AA44205F9EDB006F78C3 /* CountdownButtonUITests.m */,
				77D7AA46205F9EDB006F78C3 /* Info.plist */,
			);
			path = CountdownButtonUITests;
			sourceTree = "<group>";
		};
/* End PBXGroup section */

/* Begin PBXNativeTarget section */
		77D7AA19205F9EDB006F78C3 /* CountdownButton */ = {
			isa = PBXNativeTarget;
			buildConfigurationList = 77D7AA49205F9EDB006F78C3 /* Build configuration list for PBXNativeTarget "CountdownButton" */;
			buildPhases = (
				77D7AA16205F9EDB006F78C3 /* Sources */,
				77D7AA17205F9EDB006F78C3 /* Frameworks */,
				77D7AA18205F9EDB006F78C3 /* Resources */,
			);
			buildRules = (
			);
			dependencies = (
			);
			name = CountdownButton;
			productName = CountdownButton;
			productReference = 77D7AA1A205F9EDB006F78C3 /* CountdownButton.app */;
			productType = "com.apple.product-type.application";
		};
		77D7AA34205F9EDB006F78C3 /* CountdownButtonTests */ = {
			isa = PBXNativeTarget;
			buildConfigurationList = 77D7AA4C205F9EDB006F78C3 /* Build configuration list for PBXNativeTarget "CountdownButtonTests" */;
			buildPhases = (
				77D7AA31205F9EDB006F78C3 /* Sources */,
				77D7AA32205F9EDB006F78C3 /* Frameworks */,
				77D7AA33205F9EDB006F78C3 /* Resources */,
			);
			buildRules = (
			);
			dependencies = (
				77D7AA37205F9EDB006F78C3 /* PBXTargetDependency */,
			);
			name = CountdownButtonTests;
			productName = CountdownButtonTests;
			productReference = 77D7AA35205F9EDB006F78C3 /* CountdownButtonTests.xctest */;
			productType = "com.apple.product-type.bundle.unit-test";
		};
		77D7AA3F205F9EDB006F78C3 /* CountdownButtonUITests */ = {
			isa = PBXNativeTarget;
			buildConfigurationList = 77D7AA4F205F9EDB006F78C3 /* Build configuration list for PBXNativeTarget "CountdownButtonUITests" */;
			buildPhases = (
				77D7AA3C205F9EDB006F78C3 /* Sources */,
				77D7AA3D205F9EDB006F78C3 /* Frameworks */,
				77D7AA3E205F9EDB006F78C3 /* Resources */,
			);
			buildRules = (
			);
			dependencies = (
				77D7AA42205F9EDB006F78C3 /* PBXTargetDependency */,
			);
			name = CountdownButtonUITests;
			productName = CountdownButtonUITests;
			productReference = 77D7AA40205F9EDB006F78C3 /* CountdownButtonUITests.xctest */;
			productType = "com.apple.product-type.bundle.ui-testing";
		};
/* End PBXNativeTarget section */

/* Begin PBXProject section */
		77D7AA12205F9EDB006F78C3 /* Project object */ = {
			isa = PBXProject;
			attributes = {
				LastUpgradeCheck = 0920;
				ORGANIZATIONNAME = "轩辕辉";
				TargetAttributes = {
					77D7AA19205F9EDB006F78C3 = {
						CreatedOnToolsVersion = 9.2;
						ProvisioningStyle = Automatic;
					};
					77D7AA34205F9EDB006F78C3 = {
						CreatedOnToolsVersion = 9.2;
						ProvisioningStyle = Automatic;
						TestTargetID = 77D7AA19205F9EDB006F78C3;
					};
					77D7AA3F205F9EDB006F78C3 = {
						CreatedOnToolsVersion = 9.2;
						ProvisioningStyle = Automatic;
						TestTargetID = 77D7AA19205F9EDB006F78C3;
					};
				};
			};
			buildConfigurationList = 77D7AA15205F9EDB006F78C3 /* Build configuration list for PBXProject "CountdownButton" */;
			compatibilityVersion = "Xcode 8.0";
			developmentRegion = en;
			hasScannedForEncodings = 0;
			knownRegions = (
				en,
				Base,
			);
			mainGroup = 77D7AA11205F9EDB006F78C3;
			productRefGroup = 77D7AA1B205F9EDB006F78C3 /* Products */;
			projectDirPath = "";
			projectRoot = "";
			targets = (
				77D7AA19205F9EDB006F78C3 /* CountdownButton */,
				77D7AA34205F9EDB006F78C3 /* CountdownButtonTests */,
				77D7AA3F205F9EDB006F78C3 /* CountdownButtonUITests */,
			);
		};
/* End PBXProject section */

/* Begin PBXResourcesBuildPhase section */
		77D7AA18205F9EDB006F78C3 /* Resources */ = {
			isa = PBXResourcesBuildPhase;
			buildActionMask = 2147483647;
			files = (
				77D7AA2D205F9EDB006F78C3 /* LaunchScreen.storyboard in Resources */,
				77D7AA2A205F9EDB006F78C3 /* Assets.xcassets in Resources */,
				77D7AA25205F9EDB006F78C3 /* Main.storyboard in Resources */,
			);
			runOnlyForDeploymentPostprocessing = 0;
		};
		77D7AA33205F9EDB006F78C3 /* Resources */ = {
			isa = PBXResourcesBuildPhase;
			buildActionMask = 2147483647;
			files = (
			);
			runOnlyForDeploymentPostprocessing = 0;
		};
		77D7AA3E205F9EDB006F78C3 /* Resources */ = {
			isa = PBXResourcesBuildPhase;
			buildActionMask = 2147483647;
			files = (
			);
			runOnlyForDeploymentPostprocessing = 0;
		};
/* End PBXResourcesBuildPhase section */

/* Begin PBXSourcesBuildPhase section */
		77D7AA16205F9EDB006F78C3 /* Sources */ = {
			isa = PBXSourcesBuildPhase;
			buildActionMask = 2147483647;
			files = (
				77D7AA22205F9EDB006F78C3 /* ViewController.m in Sources */,
				77D7AA28205F9EDB006F78C3 /* CountdownButton.xcdatamodeld in Sources */,
				77D7AA30205F9EDB006F78C3 /* main.m in Sources */,
				77D7AA1F205F9EDB006F78C3 /* AppDelegate.m in Sources */,
			);
			runOnlyForDeploymentPostprocessing = 0;
		};
		77D7AA31205F9EDB006F78C3 /* Sources */ = {
			isa = PBXSourcesBuildPhase;
			buildActionMask = 2147483647;
			files = (
				77D7AA3A205F9EDB006F78C3 /* CountdownButtonTests.m in Sources */,
			);
			runOnlyForDeploymentPostprocessing = 0;
		};
		77D7AA3C205F9EDB006F78C3 /* Sources */ = {
			isa = PBXSourcesBuildPhase;
			buildActionMask = 2147483647;
			files = (
				77D7AA45205F9EDB006F78C3 /* CountdownButtonUITests.m in Sources */,
			);
			runOnlyForDeploymentPostprocessing = 0;
		};
/* End PBXSourcesBuildPhase section */

/* Begin PBXTargetDependency section */
		77D7AA37205F9EDB006F78C3 /* PBXTargetDependency */ = {
			isa = PBXTargetDependency;
			target = 77D7AA19205F9EDB006F78C3 /* CountdownButton */;
			targetProxy = 77D7AA36205F9EDB006F78C3 /* PBXContainerItemProxy */;
		};
		77D7AA42205F9EDB006F78C3 /* PBXTargetDependency */ = {
			isa = PBXTargetDependency;
			target = 77D7AA19205F9EDB006F78C3 /* CountdownButton */;
			targetProxy = 77D7AA41205F9EDB006F78C3 /* PBXContainerItemProxy */;
		};
/* End PBXTargetDependency section */

/* Begin PBXVariantGroup section */
		77D7AA23205F9EDB006F78C3 /* Main.storyboard */ = {
			isa = PBXVariantGroup;
			children = (
				77D7AA24205F9EDB006F78C3 /* Base */,
			);
			name = Main.storyboard;
			sourceTree = "<group>";
		};
		77D7AA2B205F9EDB006F78C3 /* LaunchScreen.storyboard */ = {
			isa = PBXVariantGroup;
			children = (
				77D7AA2C205F9EDB006F78C3 /* Base */,
			);
			name = LaunchScreen.storyboard;
			sourceTree = "<group>";
		};
/* End PBXVariantGroup section */

/* Begin XCBuildConfiguration section */
		77D7AA47205F9EDB006F78C3 /* Debug */ = {
			isa = XCBuildConfiguration;
			buildSettings = {
				ALWAYS_SEARCH_USER_PATHS = NO;
				CLANG_ANALYZER_NONNULL = YES;
				CLANG_ANALYZER_NUMBER_OBJECT_CONVERSION = YES_AGGRESSIVE;
				CLANG_CXX_LANGUAGE_STANDARD = "gnu++14";
				CLANG_CXX_LIBRARY = "libc++";
				CLANG_ENABLE_MODULES = YES;
				CLANG_ENABLE_OBJC_ARC = YES;
				CLANG_WARN_BLOCK_CAPTURE_AUTORELEASING = YES;
				CLANG_WARN_BOOL_CONVERSION = YES;
				CLANG_WARN_COMMA = YES;
				CLANG_WARN_CONSTANT_CONVERSION = YES;
				CLANG_WARN_DIRECT_OBJC_ISA_USAGE = YES_ERROR;
				CLANG_WARN_DOCUMENTATION_COMMENTS = YES;
				CLANG_WARN_EMPTY_BODY = YES;
				CLANG_WARN_ENUM_CONVERSION = YES;
				CLANG_WARN_INFINITE_RECURSION = YES;
				CLANG_WARN_INT_CONVERSION = YES;
				CLANG_WARN_NON_LITERAL_NULL_CONVERSION = YES;
				CLANG_WARN_OBJC_LITERAL_CONVERSION = YES;
				CLANG_WARN_OBJC_ROOT_CLASS = YES_ERROR;
				CLANG_WARN_RANGE_LOOP_ANALYSIS = YES;
				CLANG_WARN_STRICT_PROTOTYPES = YES;
				CLANG_WARN_SUSPICIOUS_MOVE = YES;
				CLANG_WARN_UNGUARDED_AVAILABILITY = YES_AGGRESSIVE;
				CLANG_WARN_UNREACHABLE_CODE = YES;
				CLANG_WARN__DUPLICATE_METHOD_MATCH = YES;
				CODE_SIGN_IDENTITY = "iPhone Developer";
				COPY_PHASE_STRIP = NO;
				DEBUG_INFORMATION_FORMAT = dwarf;
				ENABLE_STRICT_OBJC_MSGSEND = YES;
				ENABLE_TESTABILITY = YES;
				GCC_C_LANGUAGE_STANDARD = gnu11;
				GCC_DYNAMIC_NO_PIC = NO;
				GCC_NO_COMMON_BLOCKS = YES;
				GCC_OPTIMIZATION_LEVEL = 0;
				GCC_PREPROCESSOR_DEFINITIONS = (
					"DEBUG=1",
					"$(inherited)",
				);
				GCC_WARN_64_TO_32_BIT_CONVERSION = YES;
				GCC_WARN_ABOUT_RETURN_TYPE = YES_ERROR;
				GCC_WARN_UNDECLARED_SELECTOR = YES;
				GCC_WARN_UNINITIALIZED_AUTOS = YES_AGGRESSIVE;
				GCC_WARN_UNUSED_FUNCTION = YES;
				GCC_WARN_UNUSED_VARIABLE = YES;
				IPHONEOS_DEPLOYMENT_TARGET = 11.2;
				MTL_ENABLE_DEBUG_INFO = YES;
				ONLY_ACTIVE_ARCH = YES;
				SDKROOT = iphoneos;
			};
			name = Debug;
		};
		77D7AA48205F9EDB006F78C3 /* Release */ = {
			isa = XCBuildConfiguration;
			buildSettings = {
				ALWAYS_SEARCH_USER_PATHS = NO;
				CLANG_ANALYZER_NONNULL = YES;
				CLANG_ANALYZER_NUMBER_OBJECT_CONVERSION = YES_AGGRESSIVE;
				CLANG_CXX_LANGUAGE_STANDARD = "gnu++14";
				CLANG_CXX_LIBRARY = "libc++";
				CLANG_ENABLE_MODULES = YES;
				CLANG_ENABLE_OBJC_ARC = YES;
				CLANG_WARN_BLOCK_CAPTURE_AUTORELEASING = YES;
				CLANG_WARN_BOOL_CONVERSION = YES;
				CLANG_WARN_COMMA = YES;
				CLANG_WARN_CONSTANT_CONVERSION = YES;
				CLANG_WARN_DIRECT_OBJC_ISA_USAGE = YES_ERROR;
				CLANG_WARN_DOCUMENTATION_COMMENTS = YES;
				CLANG_WARN_EMPTY_BODY = YES;
				CLANG_WARN_ENUM_CONVERSION = YES;
				CLANG_WARN_INFINITE_RECURSION = YES;
				CLANG_WARN_INT_CONVERSION = YES;
				CLANG_WARN_NON_LITERAL_NULL_CONVERSION = YES;
				CLANG_WARN_OBJC_LITERAL_CONVERSION = YES;
				CLANG_WARN_OBJC_ROOT_CLASS = YES_ERROR;
				CLANG_WARN_RANGE_LOOP_ANALYSIS = YES;
				CLANG_WARN_STRICT_PROTOTYPES = YES;
				CLANG_WARN_SUSPICIOUS_MOVE = YES;
				CLANG_WARN_UNGUARDED_AVAILABILITY = YES_AGGRESSIVE;
				CLANG_WARN_UNREACHABLE_CODE = YES;
				CLANG_WARN__DUPLICATE_METHOD_MATCH = YES;
				CODE_SIGN_IDENTITY = "iPhone Developer";
				COPY_PHASE_STRIP = NO;
				DEBUG_INFORMATION_FORMAT = "dwarf-with-dsym";
				ENABLE_NS_ASSERTIONS = NO;
				ENABLE_STRICT_OBJC_MSGSEND = YES;
				GCC_C_LANGUAGE_STANDARD = gnu11;
				GCC_NO_COMMON_BLOCKS = YES;
				GCC_WARN_64_TO_32_BIT_CONVERSION = YES;
				GCC_WARN_ABOUT_RETURN_TYPE = YES_ERROR;
				GCC_WARN_UNDECLARED_SELECTOR = YES;
				GCC_WARN_UNINITIALIZED_AUTOS = YES_AGGRESSIVE;
				GCC_WARN_UNUSED_FUNCTION = YES;
				GCC_WARN_UNUSED_VARIABLE = YES;
				IPHONEOS_DEPLOYMENT_TARGET = 11.2;
				MTL_ENABLE_DEBUG_INFO = NO;
				SDKROOT = iphoneos;
				VALIDATE_PRODUCT = YES;
			};
			name = Release;
		};
		77D7AA4A205F9EDB006F78C3 /* Debug */ = {
			isa = XCBuildConfiguration;
			buildSettings = {
				ASSETCATALOG_COMPILER_APPICON_NAME = AppIcon;
				CODE_SIGN_STYLE = Automatic;
				DEVELOPMENT_TEAM = 69998K3AVK;
				INFOPLIST_FILE = CountdownButton/Info.plist;
				LD_RUNPATH_SEARCH_PATHS = "$(inherited) @executable_path/Frameworks";
				PRODUCT_BUNDLE_IDENTIFIER = CoinToBe.CoinToBe.CountdownButton;
				PRODUCT_NAME = "$(TARGET_NAME)";
				TARGETED_DEVICE_FAMILY = "1,2";
			};
			name = Debug;
		};
		77D7AA4B205F9EDB006F78C3 /* Release */ = {
			isa = XCBuildConfiguration;
			buildSettings = {
				ASSETCATALOG_COMPILER_APPICON_NAME = AppIcon;
				CODE_SIGN_STYLE = Automatic;
				DEVELOPMENT_TEAM = 69998K3AVK;
				INFOPLIST_FILE = CountdownButton/Info.plist;
				LD_RUNPATH_SEARCH_PATHS = "$(inherited) @executable_path/Frameworks";
				PRODUCT_BUNDLE_IDENTIFIER = CoinToBe.CoinToBe.CountdownButton;
				PRODUCT_NAME = "$(TARGET_NAME)";
				TARGETED_DEVICE_FAMILY = "1,2";
			};
			name = Release;
		};
		77D7AA4D205F9EDB006F78C3 /* Debug */ = {
			isa = XCBuildConfiguration;
			buildSettings = {
				BUNDLE_LOADER = "$(TEST_HOST)";
				CODE_SIGN_STYLE = Automatic;
				DEVELOPMENT_TEAM = 69998K3AVK;
				INFOPLIST_FILE = CountdownButtonTests/Info.plist;
				LD_RUNPATH_SEARCH_PATHS = "$(inherited) @executable_path/Frameworks @loader_path/Frameworks";
				PRODUCT_BUNDLE_IDENTIFIER = CoinToBe.CoinToBe.CountdownButtonTests;
				PRODUCT_NAME = "$(TARGET_NAME)";
				TARGETED_DEVICE_FAMILY = "1,2";
				TEST_HOST = "$(BUILT_PRODUCTS_DIR)/CountdownButton.app/CountdownButton";
			};
			name = Debug;
		};
		77D7AA4E205F9EDB006F78C3 /* Release */ = {
			isa = XCBuildConfiguration;
			buildSettings = {
				BUNDLE_LOADER = "$(TEST_HOST)";
				CODE_SIGN_STYLE = Automatic;
				DEVELOPMENT_TEAM = 69998K3AVK;
				INFOPLIST_FILE = CountdownButtonTests/Info.plist;
				LD_RUNPATH_SEARCH_PATHS = "$(inherited) @executable_path/Frameworks @loader_path/Frameworks";
				PRODUCT_BUNDLE_IDENTIFIER = CoinToBe.CoinToBe.CountdownButtonTests;
				PRODUCT_NAME = "$(TARGET_NAME)";
				TARGETED_DEVICE_FAMILY = "1,2";
				TEST_HOST = "$(BUILT_PRODUCTS_DIR)/CountdownButton.app/CountdownButton";
			};
			name = Release;
		};
		77D7AA50205F9EDB006F78C3 /* Debug */ = {
			isa = XCBuildConfiguration;
			buildSettings = {
				CODE_SIGN_STYLE = Automatic;
				DEVELOPMENT_TEAM = 69998K3AVK;
				INFOPLIST_FILE = CountdownButtonUITests/Info.plist;
				LD_RUNPATH_SEARCH_PATHS = "$(inherited) @executable_path/Frameworks @loader_path/Frameworks";
				PRODUCT_BUNDLE_IDENTIFIER = CoinToBe.CoinToBe.CountdownButtonUITests;
				PRODUCT_NAME = "$(TARGET_NAME)";
				TARGETED_DEVICE_FAMILY = "1,2";
				TEST_TARGET_NAME = CountdownButton;
			};
			name = Debug;
		};
		77D7AA51205F9EDB006F78C3 /* Release */ = {
			isa = XCBuildConfiguration;
			buildSettings = {
				CODE_SIGN_STYLE = Automatic;
				DEVELOPMENT_TEAM = 69998K3AVK;
				INFOPLIST_FILE = CountdownButtonUITests/Info.plist;
				LD_RUNPATH_SEARCH_PATHS = "$(inherited) @executable_path/Frameworks @loader_path/Frameworks";
				PRODUCT_BUNDLE_IDENTIFIER = CoinToBe.CoinToBe.CountdownButtonUITests;
				PRODUCT_NAME = "$(TARGET_NAME)";
				TARGETED_DEVICE_FAMILY = "1,2";
				TEST_TARGET_NAME = CountdownButton;
			};
			name = Release;
		};
/* End XCBuildConfiguration section */

/* Begin XCConfigurationList section */
		77D7AA15205F9EDB006F78C3 /* Build configuration list for PBXProject "CountdownButton" */ = {
			isa = XCConfigurationList;
			buildConfigurations = (
				77D7AA47205F9EDB006F78C3 /* Debug */,
				77D7AA48205F9EDB006F78C3 /* Release */,
			);
			defaultConfigurationIsVisible = 0;
			defaultConfigurationName = Release;
		};
		77D7AA49205F9EDB006F78C3 /* Build configuration list for PBXNativeTarget "CountdownButton" */ = {
			isa = XCConfigurationList;
			buildConfigurations = (
				77D7AA4A205F9EDB006F78C3 /* Debug */,
				77D7AA4B205F9EDB006F78C3 /* Release */,
			);
			defaultConfigurationIsVisible = 0;
			defaultConfigurationName = Release;
		};
		77D7AA4C205F9EDB006F78C3 /* Build configuration list for PBXNativeTarget "CountdownButtonTests" */ = {
			isa = XCConfigurationList;
			buildConfigurations = (
				77D7AA4D205F9EDB006F78C3 /* Debug */,
				77D7AA4E205F9EDB006F78C3 /* Release */,
			);
			defaultConfigurationIsVisible = 0;
			defaultConfigurationName = Release;
		};
		77D7AA4F205F9EDB006F78C3 /* Build configuration list for PBXNativeTarget "CountdownButtonUITests" */ = {
			isa = XCConfigurationList;
			buildConfigurations = (
				77D7AA50205F9EDB006F78C3 /* Debug */,
				77D7AA51205F9EDB006F78C3 /* Release */,
			);
			defaultConfigurationIsVisible = 0;
			defaultConfigurationName = Release;
		};
/* End XCConfigurationList section */

/* Begin XCVersionGroup section */
		77D7AA26205F9EDB006F78C3 /* CountdownButton.xcdatamodeld */ = {
			isa = XCVersionGroup;
			children = (
				77D7AA27205F9EDB006F78C3 /* CountdownButton.xcdatamodel */,
			);
			currentVersion = 77D7AA27205F9EDB006F78C3 /* CountdownButton.xcdatamodel */;
			path = CountdownButton.xcdatamodeld;
			sourceTree = "<group>";
			versionGroupType = wrapper.xcdatamodel;
		};
/* End XCVersionGroup section */
	};
	rootObject = 77D7AA12205F9EDB006F78C3 /* Project object */;
}
